
Microsoft Visual Studio Solution File, Format Version 12.00
# Visual Studio Version 16
VisualStudioVersion = 16.0.29509.3
MinimumVisualStudioVersion = 10.0.40219.1
Project("{2150E333-8FDC-42A3-9474-1A3956D46DE8}") = "test", "test", "{0FD061E4-A16A-4839-A156-277CCC8D9918}"
EndProject
Project("{2150E333-8FDC-42A3-9474-1A3956D46DE8}") = "src", "src", "{F70619FB-8C40-4089-B1C9-3835030112B1}"
EndProject
Project("{9A19103F-16F7-4668-BE54-9A1E7A4F7556}") = "Florist.Api", "src\Florist.Api\Florist.Api.csproj", "{9CFCEF16-0C56-47CD-B757-EFDF0A8E70B5}"
EndProject
Project("{9A19103F-16F7-4668-BE54-9A1E7A4F7556}") = "Florist.Infrastructure", "src\Florist.Infrastructure\Florist.Infrastructure.csproj", "{FADF613B-DFA5-426A-909F-747701479482}"
EndProject
Project("{9A19103F-16F7-4668-BE54-9A1E7A4F7556}") = "Florist.Services", "src\Florist.Services\Florist.Services.csproj", "{D0D958C7-2E3A-47FD-BB09-93F06F8EB334}"
EndProject
Project("{9A19103F-16F7-4668-BE54-9A1E7A4F7556}") = "Florist.Tests.Integrations", "tests\Florist.Tests.Integrations\Florist.Tests.Integrations.csproj", "{5304EBB1-854B-4C10-8518-8F700FC7D962}"
EndProject
Project("{9A19103F-16F7-4668-BE54-9A1E7A4F7556}") = "Florist.Tests.Units", "tests\Florist.Tests.Units\Florist.Tests.Units.csproj", "{867D1B23-8D1A-4B7A-9858-BB1A043449EE}"
EndProject
Project("{9A19103F-16F7-4668-BE54-9A1E7A4F7556}") = "Core.Domain", "src\Core\Core.Domain\Core.Domain.csproj", "{B9D52FDD-7529-4641-A48F-BD2396C224FB}"
EndProject
Project("{2150E333-8FDC-42A3-9474-1A3956D46DE8}") = "Core", "Core", "{148CFAE6-5D95-4146-8E0C-2AA0EB58B659}"
EndProject
Project("{2150E333-8FDC-42A3-9474-1A3956D46DE8}") = "Modules", "Modules", "{E3A42834-A905-41B1-809D-7C264499B975}"
EndProject
Project("{2150E333-8FDC-42A3-9474-1A3956D46DE8}") = "Test", "Test", "{AC8CB12E-1821-4217-8049-F77FCA84F8DA}"
EndProject
Project("{9A19103F-16F7-4668-BE54-9A1E7A4F7556}") = "Test.Domain", "src\BoundedContext\Test\Test.Domain\Test.Domain.csproj", "{66424A74-AAE9-47F6-9AEE-630328E72DE9}"
EndProject
Project("{9A19103F-16F7-4668-BE54-9A1E7A4F7556}") = "Test.Application", "Test.Application\Test.Application.csproj", "{15CF98DA-2E67-49E4-9EB0-67A88C9ED701}"
EndProject
Project("{9A19103F-16F7-4668-BE54-9A1E7A4F7556}") = "Core.Application", "Core.Application\Core.Application.csproj", "{5E2D77F1-DB46-4203-97DC-94CF8CCD82B7}"
EndProject
Global
	GlobalSection(SolutionConfigurationPlatforms) = preSolution
		Debug|Any CPU = Debug|Any CPU
		Release|Any CPU = Release|Any CPU
	EndGlobalSection
	GlobalSection(ProjectConfigurationPlatforms) = postSolution
		{9CFCEF16-0C56-47CD-B757-EFDF0A8E70B5}.Debug|Any CPU.ActiveCfg = Debug|Any CPU
		{9CFCEF16-0C56-47CD-B757-EFDF0A8E70B5}.Debug|Any CPU.Build.0 = Debug|Any CPU
		{9CFCEF16-0C56-47CD-B757-EFDF0A8E70B5}.Release|Any CPU.ActiveCfg = Release|Any CPU
		{9CFCEF16-0C56-47CD-B757-EFDF0A8E70B5}.Release|Any CPU.Build.0 = Release|Any CPU
		{FADF613B-DFA5-426A-909F-747701479482}.Debug|Any CPU.ActiveCfg = Debug|Any CPU
		{FADF613B-DFA5-426A-909F-747701479482}.Debug|Any CPU.Build.0 = Debug|Any CPU
		{FADF613B-DFA5-426A-909F-747701479482}.Release|Any CPU.ActiveCfg = Release|Any CPU
		{FADF613B-DFA5-426A-909F-747701479482}.Release|Any CPU.Build.0 = Release|Any CPU
		{D0D958C7-2E3A-47FD-BB09-93F06F8EB334}.Debug|Any CPU.ActiveCfg = Debug|Any CPU
		{D0D958C7-2E3A-47FD-BB09-93F06F8EB334}.Debug|Any CPU.Build.0 = Debug|Any CPU
		{D0D958C7-2E3A-47FD-BB09-93F06F8EB334}.Release|Any CPU.ActiveCfg = Release|Any CPU
		{D0D958C7-2E3A-47FD-BB09-93F06F8EB334}.Release|Any CPU.Build.0 = Release|Any CPU
		{5304EBB1-854B-4C10-8518-8F700FC7D962}.Debug|Any CPU.ActiveCfg = Debug|Any CPU
		{5304EBB1-854B-4C10-8518-8F700FC7D962}.Debug|Any CPU.Build.0 = Debug|Any CPU
		{5304EBB1-854B-4C10-8518-8F700FC7D962}.Release|Any CPU.ActiveCfg = Release|Any CPU
		{5304EBB1-854B-4C10-8518-8F700FC7D962}.Release|Any CPU.Build.0 = Release|Any CPU
		{867D1B23-8D1A-4B7A-9858-BB1A043449EE}.Debug|Any CPU.ActiveCfg = Debug|Any CPU
		{867D1B23-8D1A-4B7A-9858-BB1A043449EE}.Debug|Any CPU.Build.0 = Debug|Any CPU
		{867D1B23-8D1A-4B7A-9858-BB1A043449EE}.Release|Any CPU.ActiveCfg = Release|Any CPU
		{867D1B23-8D1A-4B7A-9858-BB1A043449EE}.Release|Any CPU.Build.0 = Release|Any CPU
		{B9D52FDD-7529-4641-A48F-BD2396C224FB}.Debug|Any CPU.ActiveCfg = Debug|Any CPU
		{B9D52FDD-7529-4641-A48F-BD2396C224FB}.Debug|Any CPU.Build.0 = Debug|Any CPU
		{B9D52FDD-7529-4641-A48F-BD2396C224FB}.Release|Any CPU.ActiveCfg = Release|Any CPU
		{B9D52FDD-7529-4641-A48F-BD2396C224FB}.Release|Any CPU.Build.0 = Release|Any CPU
		{66424A74-AAE9-47F6-9AEE-630328E72DE9}.Debug|Any CPU.ActiveCfg = Debug|Any CPU
		{66424A74-AAE9-47F6-9AEE-630328E72DE9}.Debug|Any CPU.Build.0 = Debug|Any CPU
		{66424A74-AAE9-47F6-9AEE-630328E72DE9}.Release|Any CPU.ActiveCfg = Release|Any CPU
		{66424A74-AAE9-47F6-9AEE-630328E72DE9}.Release|Any CPU.Build.0 = Release|Any CPU
		{15CF98DA-2E67-49E4-9EB0-67A88C9ED701}.Debug|Any CPU.ActiveCfg = Debug|Any CPU
		{15CF98DA-2E67-49E4-9EB0-67A88C9ED701}.Debug|Any CPU.Build.0 = Debug|Any CPU
		{15CF98DA-2E67-49E4-9EB0-67A88C9ED701}.Release|Any CPU.ActiveCfg = Release|Any CPU
		{15CF98DA-2E67-49E4-9EB0-67A88C9ED701}.Release|Any CPU.Build.0 = Release|Any CPU
		{5E2D77F1-DB46-4203-97DC-94CF8CCD82B7}.Debug|Any CPU.ActiveCfg = Debug|Any CPU
		{5E2D77F1-DB46-4203-97DC-94CF8CCD82B7}.Debug|Any CPU.Build.0 = Debug|Any CPU
		{5E2D77F1-DB46-4203-97DC-94CF8CCD82B7}.Release|Any CPU.ActiveCfg = Release|Any CPU
		{5E2D77F1-DB46-4203-97DC-94CF8CCD82B7}.Release|Any CPU.Build.0 = Release|Any CPU
	EndGlobalSection
	GlobalSection(SolutionProperties) = preSolution
		HideSolutionNode = FALSE
	EndGlobalSection
	GlobalSection(NestedProjects) = preSolution
		{9CFCEF16-0C56-47CD-B757-EFDF0A8E70B5} = {F70619FB-8C40-4089-B1C9-3835030112B1}
		{FADF613B-DFA5-426A-909F-747701479482} = {F70619FB-8C40-4089-B1C9-3835030112B1}
		{D0D958C7-2E3A-47FD-BB09-93F06F8EB334} = {F70619FB-8C40-4089-B1C9-3835030112B1}
		{5304EBB1-854B-4C10-8518-8F700FC7D962} = {0FD061E4-A16A-4839-A156-277CCC8D9918}
		{867D1B23-8D1A-4B7A-9858-BB1A043449EE} = {0FD061E4-A16A-4839-A156-277CCC8D9918}
		{B9D52FDD-7529-4641-A48F-BD2396C224FB} = {148CFAE6-5D95-4146-8E0C-2AA0EB58B659}
		{148CFAE6-5D95-4146-8E0C-2AA0EB58B659} = {F70619FB-8C40-4089-B1C9-3835030112B1}
		{E3A42834-A905-41B1-809D-7C264499B975} = {F70619FB-8C40-4089-B1C9-3835030112B1}
		{AC8CB12E-1821-4217-8049-F77FCA84F8DA} = {E3A42834-A905-41B1-809D-7C264499B975}
		{66424A74-AAE9-47F6-9AEE-630328E72DE9} = {AC8CB12E-1821-4217-8049-F77FCA84F8DA}
		{15CF98DA-2E67-49E4-9EB0-67A88C9ED701} = {AC8CB12E-1821-4217-8049-F77FCA84F8DA}
		{5E2D77F1-DB46-4203-97DC-94CF8CCD82B7} = {148CFAE6-5D95-4146-8E0C-2AA0EB58B659}
	EndGlobalSection
	GlobalSection(ExtensibilityGlobals) = postSolution
		SolutionGuid = {832F3B7C-AAD3-4135-9CA4-02F11B6EB79D}
	EndGlobalSection
EndGlobal
