
Microsoft Visual Studio Solution File, Format Version 12.00
# Visual Studio Version 16
VisualStudioVersion = 16.0.29509.3
MinimumVisualStudioVersion = 10.0.40219.1
Project("{2150E333-8FDC-42A3-9474-1A3956D46DE8}") = "Tests", "Tests", "{0FD061E4-A16A-4839-A156-277CCC8D9918}"
EndProject
Project("{9A19103F-16F7-4668-BE54-9A1E7A4F7556}") = "Florist.Tests.Units", "Florist.Tests\Florist.Tests.Units\Florist.Tests.Units.csproj", "{170D6B4F-56AD-4B62-9ABA-BE8FE5E4E78D}"
EndProject
Project("{9A19103F-16F7-4668-BE54-9A1E7A4F7556}") = "Florist.Tests.Integrations", "Florist.Tests\Florist.Tests.Integrations\Florist.Tests.Integrations.csproj", "{BDBBD8B3-08D5-4FD9-B209-D0D94127B889}"
EndProject
Project("{9A19103F-16F7-4668-BE54-9A1E7A4F7556}") = "Florist.Api", "Florist.Api\Florist.Api.csproj", "{8CF7B3B9-F5CB-408C-B66D-83725AD4C275}"
EndProject
Project("{9A19103F-16F7-4668-BE54-9A1E7A4F7556}") = "Florist.Core", "Florist.Core\Florist.Core.csproj", "{D1CD64F9-D27F-4BC3-AD92-F3D2A7E08A59}"
EndProject
Project("{9A19103F-16F7-4668-BE54-9A1E7A4F7556}") = "Florist.Infrastructure", "Florist.Infrastructure\Florist.Infrastructure.csproj", "{8CFB75CB-FF1B-4480-B9AD-D44C849C7858}"
EndProject
Project("{9A19103F-16F7-4668-BE54-9A1E7A4F7556}") = "Florist.Services", "Florist.Services\Florist.Services.csproj", "{655966A4-4AE9-4184-8C9E-9DB651BE6C9E}"
EndProject
Global
	GlobalSection(SolutionConfigurationPlatforms) = preSolution
		Debug|Any CPU = Debug|Any CPU
		Release|Any CPU = Release|Any CPU
	EndGlobalSection
	GlobalSection(ProjectConfigurationPlatforms) = postSolution
		{170D6B4F-56AD-4B62-9ABA-BE8FE5E4E78D}.Debug|Any CPU.ActiveCfg = Debug|Any CPU
		{170D6B4F-56AD-4B62-9ABA-BE8FE5E4E78D}.Debug|Any CPU.Build.0 = Debug|Any CPU
		{170D6B4F-56AD-4B62-9ABA-BE8FE5E4E78D}.Release|Any CPU.ActiveCfg = Release|Any CPU
		{170D6B4F-56AD-4B62-9ABA-BE8FE5E4E78D}.Release|Any CPU.Build.0 = Release|Any CPU
		{BDBBD8B3-08D5-4FD9-B209-D0D94127B889}.Debug|Any CPU.ActiveCfg = Debug|Any CPU
		{BDBBD8B3-08D5-4FD9-B209-D0D94127B889}.Debug|Any CPU.Build.0 = Debug|Any CPU
		{BDBBD8B3-08D5-4FD9-B209-D0D94127B889}.Release|Any CPU.ActiveCfg = Release|Any CPU
		{BDBBD8B3-08D5-4FD9-B209-D0D94127B889}.Release|Any CPU.Build.0 = Release|Any CPU
		{8CF7B3B9-F5CB-408C-B66D-83725AD4C275}.Debug|Any CPU.ActiveCfg = Debug|Any CPU
		{8CF7B3B9-F5CB-408C-B66D-83725AD4C275}.Debug|Any CPU.Build.0 = Debug|Any CPU
		{8CF7B3B9-F5CB-408C-B66D-83725AD4C275}.Release|Any CPU.ActiveCfg = Release|Any CPU
		{8CF7B3B9-F5CB-408C-B66D-83725AD4C275}.Release|Any CPU.Build.0 = Release|Any CPU
		{D1CD64F9-D27F-4BC3-AD92-F3D2A7E08A59}.Debug|Any CPU.ActiveCfg = Debug|Any CPU
		{D1CD64F9-D27F-4BC3-AD92-F3D2A7E08A59}.Debug|Any CPU.Build.0 = Debug|Any CPU
		{D1CD64F9-D27F-4BC3-AD92-F3D2A7E08A59}.Release|Any CPU.ActiveCfg = Release|Any CPU
		{D1CD64F9-D27F-4BC3-AD92-F3D2A7E08A59}.Release|Any CPU.Build.0 = Release|Any CPU
		{8CFB75CB-FF1B-4480-B9AD-D44C849C7858}.Debug|Any CPU.ActiveCfg = Debug|Any CPU
		{8CFB75CB-FF1B-4480-B9AD-D44C849C7858}.Debug|Any CPU.Build.0 = Debug|Any CPU
		{8CFB75CB-FF1B-4480-B9AD-D44C849C7858}.Release|Any CPU.ActiveCfg = Release|Any CPU
		{8CFB75CB-FF1B-4480-B9AD-D44C849C7858}.Release|Any CPU.Build.0 = Release|Any CPU
		{655966A4-4AE9-4184-8C9E-9DB651BE6C9E}.Debug|Any CPU.ActiveCfg = Debug|Any CPU
		{655966A4-4AE9-4184-8C9E-9DB651BE6C9E}.Debug|Any CPU.Build.0 = Debug|Any CPU
		{655966A4-4AE9-4184-8C9E-9DB651BE6C9E}.Release|Any CPU.ActiveCfg = Release|Any CPU
		{655966A4-4AE9-4184-8C9E-9DB651BE6C9E}.Release|Any CPU.Build.0 = Release|Any CPU
	EndGlobalSection
	GlobalSection(SolutionProperties) = preSolution
		HideSolutionNode = FALSE
	EndGlobalSection
	GlobalSection(NestedProjects) = preSolution
		{170D6B4F-56AD-4B62-9ABA-BE8FE5E4E78D} = {0FD061E4-A16A-4839-A156-277CCC8D9918}
		{BDBBD8B3-08D5-4FD9-B209-D0D94127B889} = {0FD061E4-A16A-4839-A156-277CCC8D9918}
	EndGlobalSection
	GlobalSection(ExtensibilityGlobals) = postSolution
		SolutionGuid = {832F3B7C-AAD3-4135-9CA4-02F11B6EB79D}
	EndGlobalSection
EndGlobal
