
Microsoft Visual Studio Solution File, Format Version 12.00
# Visual Studio Version 16
VisualStudioVersion = 16.0.29509.3
MinimumVisualStudioVersion = 10.0.40219.1
Project("{2150E333-8FDC-42A3-9474-1A3956D46DE8}") = "test", "test", "{0FD061E4-A16A-4839-A156-277CCC8D9918}"
EndProject
Project("{2150E333-8FDC-42A3-9474-1A3956D46DE8}") = "src", "src", "{F70619FB-8C40-4089-B1C9-3835030112B1}"
EndProject
Project("{9A19103F-16F7-4668-BE54-9A1E7A4F7556}") = "Florist.Api", "src\Florist.Api\Florist.Api.csproj", "{9CFCEF16-0C56-47CD-B757-EFDF0A8E70B5}"
EndProject
Project("{9A19103F-16F7-4668-BE54-9A1E7A4F7556}") = "Florist.Core", "src\Florist.Core\Florist.Core.csproj", "{E45FADA7-6D88-49E8-BB45-81984E1A7175}"
EndProject
Project("{9A19103F-16F7-4668-BE54-9A1E7A4F7556}") = "Florist.Infrastructure", "src\Florist.Infrastructure\Florist.Infrastructure.csproj", "{FADF613B-DFA5-426A-909F-747701479482}"
EndProject
Project("{9A19103F-16F7-4668-BE54-9A1E7A4F7556}") = "Florist.Services", "src\Florist.Services\Florist.Services.csproj", "{D0D958C7-2E3A-47FD-BB09-93F06F8EB334}"
EndProject
Project("{9A19103F-16F7-4668-BE54-9A1E7A4F7556}") = "Florist.Tests.Integrations", "tests\Florist.Tests.Integrations\Florist.Tests.Integrations.csproj", "{5304EBB1-854B-4C10-8518-8F700FC7D962}"
EndProject
Project("{9A19103F-16F7-4668-BE54-9A1E7A4F7556}") = "Florist.Tests.Units", "tests\Florist.Tests.Units\Florist.Tests.Units.csproj", "{867D1B23-8D1A-4B7A-9858-BB1A043449EE}"
EndProject
Global
	GlobalSection(SolutionConfigurationPlatforms) = preSolution
		Debug|Any CPU = Debug|Any CPU
		Release|Any CPU = Release|Any CPU
	EndGlobalSection
	GlobalSection(ProjectConfigurationPlatforms) = postSolution
		{9CFCEF16-0C56-47CD-B757-EFDF0A8E70B5}.Debug|Any CPU.ActiveCfg = Debug|Any CPU
		{9CFCEF16-0C56-47CD-B757-EFDF0A8E70B5}.Debug|Any CPU.Build.0 = Debug|Any CPU
		{9CFCEF16-0C56-47CD-B757-EFDF0A8E70B5}.Release|Any CPU.ActiveCfg = Release|Any CPU
		{9CFCEF16-0C56-47CD-B757-EFDF0A8E70B5}.Release|Any CPU.Build.0 = Release|Any CPU
		{E45FADA7-6D88-49E8-BB45-81984E1A7175}.Debug|Any CPU.ActiveCfg = Debug|Any CPU
		{E45FADA7-6D88-49E8-BB45-81984E1A7175}.Debug|Any CPU.Build.0 = Debug|Any CPU
		{E45FADA7-6D88-49E8-BB45-81984E1A7175}.Release|Any CPU.ActiveCfg = Release|Any CPU
		{E45FADA7-6D88-49E8-BB45-81984E1A7175}.Release|Any CPU.Build.0 = Release|Any CPU
		{FADF613B-DFA5-426A-909F-747701479482}.Debug|Any CPU.ActiveCfg = Debug|Any CPU
		{FADF613B-DFA5-426A-909F-747701479482}.Debug|Any CPU.Build.0 = Debug|Any CPU
		{FADF613B-DFA5-426A-909F-747701479482}.Release|Any CPU.ActiveCfg = Release|Any CPU
		{FADF613B-DFA5-426A-909F-747701479482}.Release|Any CPU.Build.0 = Release|Any CPU
		{D0D958C7-2E3A-47FD-BB09-93F06F8EB334}.Debug|Any CPU.ActiveCfg = Debug|Any CPU
		{D0D958C7-2E3A-47FD-BB09-93F06F8EB334}.Debug|Any CPU.Build.0 = Debug|Any CPU
		{D0D958C7-2E3A-47FD-BB09-93F06F8EB334}.Release|Any CPU.ActiveCfg = Release|Any CPU
		{D0D958C7-2E3A-47FD-BB09-93F06F8EB334}.Release|Any CPU.Build.0 = Release|Any CPU
		{5304EBB1-854B-4C10-8518-8F700FC7D962}.Debug|Any CPU.ActiveCfg = Debug|Any CPU
		{5304EBB1-854B-4C10-8518-8F700FC7D962}.Debug|Any CPU.Build.0 = Debug|Any CPU
		{5304EBB1-854B-4C10-8518-8F700FC7D962}.Release|Any CPU.ActiveCfg = Release|Any CPU
		{5304EBB1-854B-4C10-8518-8F700FC7D962}.Release|Any CPU.Build.0 = Release|Any CPU
		{867D1B23-8D1A-4B7A-9858-BB1A043449EE}.Debug|Any CPU.ActiveCfg = Debug|Any CPU
		{867D1B23-8D1A-4B7A-9858-BB1A043449EE}.Debug|Any CPU.Build.0 = Debug|Any CPU
		{867D1B23-8D1A-4B7A-9858-BB1A043449EE}.Release|Any CPU.ActiveCfg = Release|Any CPU
		{867D1B23-8D1A-4B7A-9858-BB1A043449EE}.Release|Any CPU.Build.0 = Release|Any CPU
	EndGlobalSection
	GlobalSection(SolutionProperties) = preSolution
		HideSolutionNode = FALSE
	EndGlobalSection
	GlobalSection(NestedProjects) = preSolution
		{9CFCEF16-0C56-47CD-B757-EFDF0A8E70B5} = {F70619FB-8C40-4089-B1C9-3835030112B1}
		{E45FADA7-6D88-49E8-BB45-81984E1A7175} = {F70619FB-8C40-4089-B1C9-3835030112B1}
		{FADF613B-DFA5-426A-909F-747701479482} = {F70619FB-8C40-4089-B1C9-3835030112B1}
		{D0D958C7-2E3A-47FD-BB09-93F06F8EB334} = {F70619FB-8C40-4089-B1C9-3835030112B1}
		{5304EBB1-854B-4C10-8518-8F700FC7D962} = {0FD061E4-A16A-4839-A156-277CCC8D9918}
		{867D1B23-8D1A-4B7A-9858-BB1A043449EE} = {0FD061E4-A16A-4839-A156-277CCC8D9918}
	EndGlobalSection
	GlobalSection(ExtensibilityGlobals) = postSolution
		SolutionGuid = {832F3B7C-AAD3-4135-9CA4-02F11B6EB79D}
	EndGlobalSection
EndGlobal
